github.com/BixData/gluabit32 v0.0.0-20171213231653-fa1820b42f4b h1:dOA7do0F6JfjM+LC7mrtcDhsg7z8hQ877JzUhWrTTJc=
github.com/BixData/gluabit32 v0.0.0-20171213231653-fa1820b42f4b/go.mod h1:x3omb/t8px6dQX56PBRGqfK80s/O0Y/fEc64f1VJuSY=
github.com/BixData/gluasocket v0.0.0-20190112205515-264e383c9278 h1:VP+dgtDmgGWqXwZZXWumslAMrRV6VIyjJDYm775UV3U=
github.com/BixData/gluasocket v0.0.0-20190112205515-264e383c9278/go.mod h1:WpliSNHYF4EpwSuCuqsM23NyEFNJe8XCHEEorFDA46Y=
github.com/chzyer/logex v1.1.10/go.mod h1:+Ywpsq7O8HXn0nuIou7OrIPyXbp3wmkHB+jjWRnGsAI=
github.com/chzyer/readline v0.0.0-20180603132655-2972be24d48e/go.mod h1:nSuG5e5PlCu98SY8svDHJxuZscDgtXS6KTTbou5AhLI=
github.com/chzyer/test v0.0.0-20180213035817-a1ea475d72b1/go.mod h1:Q3SI9o4m/ZMnBNeIyt5eFwwo7qiLfzFZmjNmxjkiQlU=
github.com/cjoudrey/gluahttp v0.0.0-20190104103309-101c19a37344 h1:nTK6O2RY1nHC4jNEJd1nixVP7ygY3QE4CNxCX07dHKU=
github.com/cjoudrey/gluahttp v0.0.0-20190104103309-101c19a37344/go.mod h1:X97UjDTXp+7bayQSFZk2hPvCTmTZIicUjZQRtkwgAKY=
github.com/davecgh/go-spew v1.1.0 h1:ZDRjVQ15GmhC3fiQ8ni8+OwkZQO4DARzQgrnXU1Liz8=
github.com/davecgh/go-spew v1.1.0/go.mod h1:J7Y8YcW2NihsgmVo/mv3lAwl/skON4iLHjSsI+c5H38=
github.com/layeh/gopher-json v0.0.0-20190114024228-97fed8db8427 h1:YDEoPyEnynw+2uhIXxeWOS1vwZhYfeP92FpyLmpYmwo=
github.com/layeh/gopher-json v0.0.0-20190114024228-97fed8db8427/go.mod h1:E/q28EyUVBgBQnONAVPIdwvEsv4Ve0vaCA9JWim4+3I=
github.com/pmezard/go-difflib v1.0.0 h1:4DBwDE0NGyQoBHbLQYPwSUPoCMWR5BEzIk/f1lZbAQM=
github.com/pmezard/go-difflib v1.0.0/go.mod h1:iKH77koFhYxTK1pcRnkKkqfTogsbg7gZNVY4sRDYZ/4=
github.com/stretchr/objx v0.1.0/go.mod h1:HFkY916IF+rwdDfMAkV7OtwuqBVzrE8GR6GFx+wExME=
github.com/stretchr/testify v1.3.0 h1:TivCn/peBQ7UY8ooIcPgZFpTNSz0Q2U6UrFlUfqbe0Q=
github.com/stretchr/testify v1.3.0/go.mod h1:M5WIy9Dh21IEIfnGCwXGc5bZfKNJtfHm1UVUgZn+9EI=
github.com/yuin/gopher-lua v0.0.0-20190514113301-1cd887cd7036 h1:1b6PAtenNyhsmo/NKXVe34h7JEZKva1YB/ne7K7mqKM=
github.com/yuin/gopher-lua v0.0.0-20190514113301-1cd887cd7036/go.mod h1:gqRgreBUhTSL0GeU64rtZ3Uq3wtjOa/TB2YfrtkCbVQ=
github.com/zhu327/gluadb v0.0.0-20180630095703-9586fc6945a0 h1:dpFvVc95XtXsItDTl/+WzaSsLCl3eLalP3SY9r11eLs=
github.com/zhu327/gluadb v0.0.0-20180630095703-9586fc6945a0/go.mod h1:BsxDQ5lKcGcqu729bMHzRUO92bbBLgTCgPFCDRLMt+g=
golang.org/x/sys v0.0.0-20190204203706-41f3e6584952/go.mod h1:STP8DvDyc/dI5b8T5hshtkjS+E42TnysNCUPdjciGhY=
layeh.com/gopher-json v0.0.0-20190114024228-97fed8db8427 h1:RZkKxMR3jbQxdCEcglq3j7wY3PRJIopAwBlx1RE71X0=
layeh.com/gopher-json v0.0.0-20190114024228-97fed8db8427/go.mod h1:ivKkcY8Zxw5ba0jldhZCYYQfGdb2K6u9tbYK1AwMIBc=
