github.com/BixData/gluabit32 v0.0.0-20190708203852-cb1e79982fc9 h1:PHjfrzTQ0w+98DYY2sKhpFuQrtbYHGbdGCuNZwc8JJA=
github.com/BixData/gluabit32 v0.0.0-20190708203852-cb1e79982fc9/go.mod h1:x3omb/t8px6dQX56PBRGqfK80s/O0Y/fEc64f1VJuSY=
github.com/BixData/gluasocket v0.0.0-20190814125902-17a6dad03dd9 h1:7nzpmEL1PEKLfwJHqVcM8RHG6vw9xq9fTvhfCbpIQkI=
github.com/BixData/gluasocket v0.0.0-20190814125902-17a6dad03dd9/go.mod h1:WpliSNHYF4EpwSuCuqsM23NyEFNJe8XCHEEorFDA46Y=
github.com/chzyer/logex v1.1.10/go.mod h1:+Ywpsq7O8HXn0nuIou7OrIPyXbp3wmkHB+jjWRnGsAI=
github.com/chzyer/readline v0.0.0-20180603132655-2972be24d48e/go.mod h1:nSuG5e5PlCu98SY8svDHJxuZscDgtXS6KTTbou5AhLI=
github.com/chzyer/test v0.0.0-20180213035817-a1ea475d72b1/go.mod h1:Q3SI9o4m/ZMnBNeIyt5eFwwo7qiLfzFZmjNmxjkiQlU=
github.com/cjoudrey/gluahttp v0.0.0-20190104103309-101c19a37344 h1:nTK6O2RY1nHC4jNEJd1nixVP7ygY3QE4CNxCX07dHKU=
github.com/cjoudrey/gluahttp v0.0.0-20190104103309-101c19a37344/go.mod h1:X97UjDTXp+7bayQSFZk2hPvCTmTZIicUjZQRtkwgAKY=
github.com/neurons-platform/gopher-lua v0.0.0-20191107021428-a2c8ee188e31 h1:Un2HR2J8mIYOY47eNRglQ/U7Mj44x/6HWPvi1YsJ16o=
github.com/neurons-platform/gopher-lua v0.0.0-20191107021428-a2c8ee188e31/go.mod h1:0gXIwqZoAg+ClugkrjmSL80YqOZXg2rIR9inWa7M14U=
github.com/nubix-io/gluasocket v0.0.0-20190814125902-17a6dad03dd9 h1:u2Bjgy3+nSYFiYy2LJFYt1u+ARfdhhX3FihycXABic8=
github.com/nubix-io/gluasocket v0.0.0-20190814125902-17a6dad03dd9/go.mod h1:hiBSKDuoDm2duG2i/8IJjRFhzXyFkg35FX0HOfEBPlQ=
github.com/yuin/gopher-lua v0.0.0-20190514113301-1cd887cd7036 h1:1b6PAtenNyhsmo/NKXVe34h7JEZKva1YB/ne7K7mqKM=
github.com/yuin/gopher-lua v0.0.0-20190514113301-1cd887cd7036/go.mod h1:gqRgreBUhTSL0GeU64rtZ3Uq3wtjOa/TB2YfrtkCbVQ=
github.com/zhu327/gluadb v0.0.0-20180630095703-9586fc6945a0 h1:dpFvVc95XtXsItDTl/+WzaSsLCl3eLalP3SY9r11eLs=
github.com/zhu327/gluadb v0.0.0-20180630095703-9586fc6945a0/go.mod h1:BsxDQ5lKcGcqu729bMHzRUO92bbBLgTCgPFCDRLMt+g=
golang.org/x/sys v0.0.0-20190204203706-41f3e6584952/go.mod h1:STP8DvDyc/dI5b8T5hshtkjS+E42TnysNCUPdjciGhY=
layeh.com/gopher-json v0.0.0-20190114024228-97fed8db8427 h1:RZkKxMR3jbQxdCEcglq3j7wY3PRJIopAwBlx1RE71X0=
layeh.com/gopher-json v0.0.0-20190114024228-97fed8db8427/go.mod h1:ivKkcY8Zxw5ba0jldhZCYYQfGdb2K6u9tbYK1AwMIBc=
